
Microsoft Visual Studio Solution File, Format Version 12.00
# Visual Studio Version 17
VisualStudioVersion = 17.14.36327.8
MinimumVisualStudioVersion = 10.0.40219.1
Project("{FAE04EC0-301F-11D3-BF4B-00C04F79EFBC}") = "DesignPatternPratice", "DesignPatternPratice\DesignPatternPratice.csproj", "{10C4868F-7C7A-4AE4-BE7E-238670306861}"
EndProject
Project("{FAE04EC0-301F-11D3-BF4B-00C04F79EFBC}") = "DesignPatternPraticeTests", "DesignPatternPraticeTests\DesignPatternPraticeTests.csproj", "{4AE42D30-4843-4B91-8B3F-47D16EA2CB6A}"
EndProject
Global
	GlobalSection(SolutionConfigurationPlatforms) = preSolution
		Debug|Any CPU = Debug|Any CPU
		Release|Any CPU = Release|Any CPU
	EndGlobalSection
	GlobalSection(ProjectConfigurationPlatforms) = postSolution
		{10C4868F-7C7A-4AE4-BE7E-238670306861}.Debug|Any CPU.ActiveCfg = Debug|Any CPU
		{10C4868F-7C7A-4AE4-BE7E-238670306861}.Debug|Any CPU.Build.0 = Debug|Any CPU
		{10C4868F-7C7A-4AE4-BE7E-238670306861}.Release|Any CPU.ActiveCfg = Release|Any CPU
		{10C4868F-7C7A-4AE4-BE7E-238670306861}.Release|Any CPU.Build.0 = Release|Any CPU
		{4AE42D30-4843-4B91-8B3F-47D16EA2CB6A}.Debug|Any CPU.ActiveCfg = Debug|Any CPU
		{4AE42D30-4843-4B91-8B3F-47D16EA2CB6A}.Debug|Any CPU.Build.0 = Debug|Any CPU
		{4AE42D30-4843-4B91-8B3F-47D16EA2CB6A}.Release|Any CPU.ActiveCfg = Release|Any CPU
		{4AE42D30-4843-4B91-8B3F-47D16EA2CB6A}.Release|Any CPU.Build.0 = Release|Any CPU
	EndGlobalSection
	GlobalSection(SolutionProperties) = preSolution
		HideSolutionNode = FALSE
	EndGlobalSection
	GlobalSection(ExtensibilityGlobals) = postSolution
		SolutionGuid = {8129CD52-18F3-4A5E-880B-937072BC2816}
	EndGlobalSection
EndGlobal
